
Microsoft Visual Studio Solution File, Format Version 11.00
# Visual Studio 2010
Project("{FAE04EC0-301F-11D3-BF4B-00C04F79EFBC}") = "Assembly-CSharp-firstpass", "Assembly-CSharp-firstpass.csproj", "{A3BDD61D-7EF6-3919-89A7-6E47E75A9A5B}"
EndProject
Project("{FAE04EC0-301F-11D3-BF4B-00C04F79EFBC}") = "Assembly-CSharp", "Assembly-CSharp.csproj", "{3605016C-1D5D-3EFA-C3D1-E80B0BA0D4E8}"
EndProject
Project("{FAE04EC0-301F-11D3-BF4B-00C04F79EFBC}") = "Assembly-CSharp-Editor-firstpass", "Assembly-CSharp-Editor-firstpass.csproj", "{923FCB11-FFA7-136C-A1BD-8D0DBC31C38E}"
EndProject
Global
	GlobalSection(SolutionConfigurationPlatforms) = preSolution
		Debug|Any CPU = Debug|Any CPU
		Release|Any CPU = Release|Any CPU
	EndGlobalSection
	GlobalSection(ProjectConfigurationPlatforms) = postSolution
		{A3BDD61D-7EF6-3919-89A7-6E47E75A9A5B}.Debug|Any CPU.ActiveCfg = Debug|Any CPU
		{A3BDD61D-7EF6-3919-89A7-6E47E75A9A5B}.Debug|Any CPU.Build.0 = Debug|Any CPU
		{A3BDD61D-7EF6-3919-89A7-6E47E75A9A5B}.Release|Any CPU.ActiveCfg = Release|Any CPU
		{A3BDD61D-7EF6-3919-89A7-6E47E75A9A5B}.Release|Any CPU.Build.0 = Release|Any CPU
		{3605016C-1D5D-3EFA-C3D1-E80B0BA0D4E8}.Debug|Any CPU.ActiveCfg = Debug|Any CPU
		{3605016C-1D5D-3EFA-C3D1-E80B0BA0D4E8}.Debug|Any CPU.Build.0 = Debug|Any CPU
		{3605016C-1D5D-3EFA-C3D1-E80B0BA0D4E8}.Release|Any CPU.ActiveCfg = Release|Any CPU
		{3605016C-1D5D-3EFA-C3D1-E80B0BA0D4E8}.Release|Any CPU.Build.0 = Release|Any CPU
		{923FCB11-FFA7-136C-A1BD-8D0DBC31C38E}.Debug|Any CPU.ActiveCfg = Debug|Any CPU
		{923FCB11-FFA7-136C-A1BD-8D0DBC31C38E}.Debug|Any CPU.Build.0 = Debug|Any CPU
		{923FCB11-FFA7-136C-A1BD-8D0DBC31C38E}.Release|Any CPU.ActiveCfg = Release|Any CPU
		{923FCB11-FFA7-136C-A1BD-8D0DBC31C38E}.Release|Any CPU.Build.0 = Release|Any CPU
	EndGlobalSection
	GlobalSection(SolutionProperties) = preSolution
		HideSolutionNode = FALSE
	EndGlobalSection
	GlobalSection(MonoDevelopProperties) = preSolution
		StartupItem = Assembly-CSharp.csproj
	EndGlobalSection
EndGlobal
